
Microsoft Visual Studio Solution File, Format Version 12.00
# Visual Studio Version 17
VisualStudioVersion = 17.2.32616.157
MinimumVisualStudioVersion = 10.0.40219.1
Project("{8BC9CEB8-8B4A-11D0-8D11-00A0C91BC942}") = "Path_Tracing", "Path_Tracing\Path_Tracing.vcxproj", "{AC24C937-78EA-4AD1-A708-F6C5FBE683DE}"
EndProject
Global
	GlobalSection(SolutionConfigurationPlatforms) = preSolution
		Debug|x64 = Debug|x64
		Debug|x86 = Debug|x86
		Release|x64 = Release|x64
		Release|x86 = Release|x86
	EndGlobalSection
	GlobalSection(ProjectConfigurationPlatforms) = postSolution
		{AC24C937-78EA-4AD1-A708-F6C5FBE683DE}.Debug|x64.ActiveCfg = Debug|x64
		{AC24C937-78EA-4AD1-A708-F6C5FBE683DE}.Debug|x64.Build.0 = Debug|x64
		{AC24C937-78EA-4AD1-A708-F6C5FBE683DE}.Debug|x86.ActiveCfg = Debug|Win32
		{AC24C937-78EA-4AD1-A708-F6C5FBE683DE}.Debug|x86.Build.0 = Debug|Win32
		{AC24C937-78EA-4AD1-A708-F6C5FBE683DE}.Release|x64.ActiveCfg = Release|x64
		{AC24C937-78EA-4AD1-A708-F6C5FBE683DE}.Release|x64.Build.0 = Release|x64
		{AC24C937-78EA-4AD1-A708-F6C5FBE683DE}.Release|x86.ActiveCfg = Release|Win32
		{AC24C937-78EA-4AD1-A708-F6C5FBE683DE}.Release|x86.Build.0 = Release|Win32
	EndGlobalSection
	GlobalSection(SolutionProperties) = preSolution
		HideSolutionNode = FALSE
	EndGlobalSection
	GlobalSection(ExtensibilityGlobals) = postSolution
		SolutionGuid = {C1A935C4-8E09-4BD6-B9C9-65008D6E5D6C}
	EndGlobalSection
EndGlobal
